// !$*UTF8*$!
{
	archiveVersion = 1;
	classes = {
	};
	objectVersion = 56;
	objects = {

/* Begin PBXBuildFile section */
		4D1ABA2228EC19B100DD9F97 /* Login_PageApp.swift in Sources */ = {isa = PBXBuildFile; fileRef = 4D1ABA2128EC19B100DD9F97 /* Login_PageApp.swift */; };
		4D1ABA2428EC19B100DD9F97 /* ContentView.swift in Sources */ = {isa = PBXBuildFile; fileRef = 4D1ABA2328EC19B100DD9F97 /* ContentView.swift */; };
		4D1ABA2628EC19B200DD9F97 /* Assets.xcassets in Resources */ = {isa = PBXBuildFile; fileRef = 4D1ABA2528EC19B200DD9F97 /* Assets.xcassets */; };
		4D1ABA2928EC19B200DD9F97 /* Preview Assets.xcassets in Resources */ = {isa = PBXBuildFile; fileRef = 4D1ABA2828EC19B200DD9F97 /* Preview Assets.xcassets */; };
		4D9E6FAE28EDCEB400380279 /* Assets.xcassets in Resources */ = {isa = PBXBuildFile; fileRef = 4D9E6FAD28EDCEB400380279 /* Assets.xcassets */; };
		4D9E6FB128EDCEB400380279 /* Preview Assets.xcassets in Resources */ = {isa = PBXBuildFile; fileRef = 4D9E6FB028EDCEB400380279 /* Preview Assets.xcassets */; };
		4D9E6FBA28EDD25000380279 /* macLoginApp.swift in Sources */ = {isa = PBXBuildFile; fileRef = 4D9E6FA928EDCEB200380279 /* macLoginApp.swift */; };
		4D9E6FBE28EDE8BF00380279 /* ContentView.swift in Sources */ = {isa = PBXBuildFile; fileRef = 4D9E6FBD28EDE8BF00380279 /* ContentView.swift */; };
/* End PBXBuildFile section */

/* Begin PBXFileReference section */
		4D1ABA1E28EC19B100DD9F97 /* Login Page.app */ = {isa = PBXFileReference; explicitFileType = wrapper.application; includeInIndex = 0; path = "Login Page.app"; sourceTree = BUILT_PRODUCTS_DIR; };
		4D1ABA2128EC19B100DD9F97 /* Login_PageApp.swift */ = {isa = PBXFileReference; lastKnownFileType = sourcecode.swift; path = Login_PageApp.swift; sourceTree = "<group>"; };
		4D1ABA2328EC19B100DD9F97 /* ContentView.swift */ = {isa = PBXFileReference; lastKnownFileType = sourcecode.swift; path = ContentView.swift; sourceTree = "<group>"; };
		4D1ABA2528EC19B200DD9F97 /* Assets.xcassets */ = {isa = PBXFileReference; lastKnownFileType = folder.assetcatalog; path = Assets.xcassets; sourceTree = "<group>"; };
		4D1ABA2828EC19B200DD9F97 /* Preview Assets.xcassets */ = {isa = PBXFileReference; lastKnownFileType = folder.assetcatalog; path = "Preview Assets.xcassets"; sourceTree = "<group>"; };
		4D9E6FA728EDCEB200380279 /* macLogin.app */ = {isa = PBXFileReference; explicitFileType = wrapper.application; includeInIndex = 0; path = macLogin.app; sourceTree = BUILT_PRODUCTS_DIR; };
		4D9E6FA928EDCEB200380279 /* macLoginApp.swift */ = {isa = PBXFileReference; lastKnownFileType = sourcecode.swift; path = macLoginApp.swift; sourceTree = "<group>"; };
		4D9E6FAD28EDCEB400380279 /* Assets.xcassets */ = {isa = PBXFileReference; lastKnownFileType = folder.assetcatalog; path = Assets.xcassets; sourceTree = "<group>"; };
		4D9E6FB028EDCEB400380279 /* Preview Assets.xcassets */ = {isa = PBXFileReference; lastKnownFileType = folder.assetcatalog; path = "Preview Assets.xcassets"; sourceTree = "<group>"; };
		4D9E6FB228EDCEB400380279 /* macLogin.entitlements */ = {isa = PBXFileReference; lastKnownFileType = text.plist.entitlements; path = macLogin.entitlements; sourceTree = "<group>"; };
		4D9E6FBD28EDE8BF00380279 /* ContentView.swift */ = {isa = PBXFileReference; lastKnownFileType = sourcecode.swift; path = ContentView.swift; sourceTree = "<group>"; };
/* End PBXFileReference section */

/* Begin PBXFrameworksBuildPhase section */
		4D1ABA1B28EC19B100DD9F97 /* Frameworks */ = {
			isa = PBXFrameworksBuildPhase;
			buildActionMask = 2147483647;
			files = (
			);
			runOnlyForDeploymentPostprocessing = 0;
		};
		4D9E6FA428EDCEB200380279 /* Frameworks */ = {
			isa = PBXFrameworksBuildPhase;
			buildActionMask = 2147483647;
			files = (
			);
			runOnlyForDeploymentPostprocessing = 0;
		};
/* End PBXFrameworksBuildPhase section */

/* Begin PBXGroup section */
		4D1ABA1528EC19B100DD9F97 = {
			isa = PBXGroup;
			children = (
				4D1ABA2028EC19B100DD9F97 /* Login Page */,
				4D9E6FA828EDCEB200380279 /* macLogin */,
				4D1ABA1F28EC19B100DD9F97 /* Products */,
			);
			sourceTree = "<group>";
		};
		4D1ABA1F28EC19B100DD9F97 /* Products */ = {
			isa = PBXGroup;
			children = (
				4D1ABA1E28EC19B100DD9F97 /* Login Page.app */,
				4D9E6FA728EDCEB200380279 /* macLogin.app */,
			);
			name = Products;
			sourceTree = "<group>";
		};
		4D1ABA2028EC19B100DD9F97 /* Login Page */ = {
			isa = PBXGroup;
			children = (
				4D1ABA2128EC19B100DD9F97 /* Login_PageApp.swift */,
				4D1ABA2328EC19B100DD9F97 /* ContentView.swift */,
				4D1ABA2528EC19B200DD9F97 /* Assets.xcassets */,
				4D1ABA2728EC19B200DD9F97 /* Preview Content */,
			);
			path = "Login Page";
			sourceTree = "<group>";
		};
		4D1ABA2728EC19B200DD9F97 /* Preview Content */ = {
			isa = PBXGroup;
			children = (
				4D1ABA2828EC19B200DD9F97 /* Preview Assets.xcassets */,
			);
			path = "Preview Content";
			sourceTree = "<group>";
		};
		4D9E6FA828EDCEB200380279 /* macLogin */ = {
			isa = PBXGroup;
			children = (
				4D9E6FA928EDCEB200380279 /* macLoginApp.swift */,
				4D9E6FBD28EDE8BF00380279 /* ContentView.swift */,
				4D9E6FAD28EDCEB400380279 /* Assets.xcassets */,
				4D9E6FB228EDCEB400380279 /* macLogin.entitlements */,
				4D9E6FAF28EDCEB400380279 /* Preview Content */,
			);
			path = macLogin;
			sourceTree = "<group>";
		};
		4D9E6FAF28EDCEB400380279 /* Preview Content */ = {
			isa = PBXGroup;
			children = (
				4D9E6FB028EDCEB400380279 /* Preview Assets.xcassets */,
			);
			path = "Preview Content";
			sourceTree = "<group>";
		};
/* End PBXGroup section */

/* Begin PBXNativeTarget section */
		4D1ABA1D28EC19B100DD9F97 /* Login Page */ = {
			isa = PBXNativeTarget;
			buildConfigurationList = 4D1ABA2C28EC19B200DD9F97 /* Build configuration list for PBXNativeTarget "Login Page" */;
			buildPhases = (
				4D1ABA1A28EC19B100DD9F97 /* Sources */,
				4D1ABA1B28EC19B100DD9F97 /* Frameworks */,
				4D1ABA1C28EC19B100DD9F97 /* Resources */,
			);
			buildRules = (
			);
			dependencies = (
			);
			name = "Login Page";
			productName = "Login Page";
			productReference = 4D1ABA1E28EC19B100DD9F97 /* Login Page.app */;
			productType = "com.apple.product-type.application";
		};
		4D9E6FA628EDCEB200380279 /* macLogin */ = {
			isa = PBXNativeTarget;
			buildConfigurationList = 4D9E6FB528EDCEB400380279 /* Build configuration list for PBXNativeTarget "macLogin" */;
			buildPhases = (
				4D9E6FA328EDCEB200380279 /* Sources */,
				4D9E6FA428EDCEB200380279 /* Frameworks */,
				4D9E6FA528EDCEB200380279 /* Resources */,
			);
			buildRules = (
			);
			dependencies = (
			);
			name = macLogin;
			productName = macLogin;
			productReference = 4D9E6FA728EDCEB200380279 /* macLogin.app */;
			productType = "com.apple.product-type.application";
		};
/* End PBXNativeTarget section */

/* Begin PBXProject section */
		4D1ABA1628EC19B100DD9F97 /* Project object */ = {
			isa = PBXProject;
			attributes = {
				BuildIndependentTargetsInParallel = 1;
				LastSwiftUpdateCheck = 1400;
				LastUpgradeCheck = 1400;
				TargetAttributes = {
					4D1ABA1D28EC19B100DD9F97 = {
						CreatedOnToolsVersion = 14.0.1;
					};
					4D9E6FA628EDCEB200380279 = {
						CreatedOnToolsVersion = 14.0.1;
					};
				};
			};
			buildConfigurationList = 4D1ABA1928EC19B100DD9F97 /* Build configuration list for PBXProject "Login Page" */;
			compatibilityVersion = "Xcode 14.0";
			developmentRegion = en;
			hasScannedForEncodings = 0;
			knownRegions = (
				en,
				Base,
			);
			mainGroup = 4D1ABA1528EC19B100DD9F97;
			productRefGroup = 4D1ABA1F28EC19B100DD9F97 /* Products */;
			projectDirPath = "";
			projectRoot = "";
			targets = (
				4D1ABA1D28EC19B100DD9F97 /* Login Page */,
				4D9E6FA628EDCEB200380279 /* macLogin */,
			);
		};
/* End PBXProject section */

/* Begin PBXResourcesBuildPhase section */
		4D1ABA1C28EC19B100DD9F97 /* Resources */ = {
			isa = PBXResourcesBuildPhase;
			buildActionMask = 2147483647;
			files = (
				4D1ABA2928EC19B200DD9F97 /* Preview Assets.xcassets in Resources */,
				4D1ABA2628EC19B200DD9F97 /* Assets.xcassets in Resources */,
			);
			runOnlyForDeploymentPostprocessing = 0;
		};
		4D9E6FA528EDCEB200380279 /* Resources */ = {
			isa = PBXResourcesBuildPhase;
			buildActionMask = 2147483647;
			files = (
				4D9E6FB128EDCEB400380279 /* Preview Assets.xcassets in Resources */,
				4D9E6FAE28EDCEB400380279 /* Assets.xcassets in Resources */,
			);
			runOnlyForDeploymentPostprocessing = 0;
		};
/* End PBXResourcesBuildPhase section */

/* Begin PBXSourcesBuildPhase section */
		4D1ABA1A28EC19B100DD9F97 /* Sources */ = {
			isa = PBXSourcesBuildPhase;
			buildActionMask = 2147483647;
			files = (
				4D1ABA2428EC19B100DD9F97 /* ContentView.swift in Sources */,
				4D1ABA2228EC19B100DD9F97 /* Login_PageApp.swift in Sources */,
			);
			runOnlyForDeploymentPostprocessing = 0;
		};
		4D9E6FA328EDCEB200380279 /* Sources */ = {
			isa = PBXSourcesBuildPhase;
			buildActionMask = 2147483647;
			files = (
				4D9E6FBA28EDD25000380279 /* macLoginApp.swift in Sources */,
				4D9E6FBE28EDE8BF00380279 /* ContentView.swift in Sources */,
			);
			runOnlyForDeploymentPostprocessing = 0;
		};
/* End PBXSourcesBuildPhase section */

/* Begin XCBuildConfiguration section */
		4D1ABA2A28EC19B200DD9F97 /* Debug */ = {
			isa = XCBuildConfiguration;
			buildSettings = {
				ALWAYS_SEARCH_USER_PATHS = NO;
				CLANG_ANALYZER_NONNULL = YES;
				CLANG_ANALYZER_NUMBER_OBJECT_CONVERSION = YES_AGGRESSIVE;
				CLANG_CXX_LANGUAGE_STANDARD = "gnu++20";
				CLANG_ENABLE_MODULES = YES;
				CLANG_ENABLE_OBJC_ARC = YES;
				CLANG_ENABLE_OBJC_WEAK = YES;
				CLANG_WARN_BLOCK_CAPTURE_AUTORELEASING = YES;
				CLANG_WARN_BOOL_CONVERSION = YES;
				CLANG_WARN_COMMA = YES;
				CLANG_WARN_CONSTANT_CONVERSION = YES;
				CLANG_WARN_DEPRECATED_OBJC_IMPLEMENTATIONS = YES;
				CLANG_WARN_DIRECT_OBJC_ISA_USAGE = YES_ERROR;
				CLANG_WARN_DOCUMENTATION_COMMENTS = YES;
				CLANG_WARN_EMPTY_BODY = YES;
				CLANG_WARN_ENUM_CONVERSION = YES;
				CLANG_WARN_INFINITE_RECURSION = YES;
				CLANG_WARN_INT_CONVERSION = YES;
				CLANG_WARN_NON_LITERAL_NULL_CONVERSION = YES;
				CLANG_WARN_OBJC_IMPLICIT_RETAIN_SELF = YES;
				CLANG_WARN_OBJC_LITERAL_CONVERSION = YES;
				CLANG_WARN_OBJC_ROOT_CLASS = YES_ERROR;
				CLANG_WARN_QUOTED_INCLUDE_IN_FRAMEWORK_HEADER = YES;
				CLANG_WARN_RANGE_LOOP_ANALYSIS = YES;
				CLANG_WARN_STRICT_PROTOTYPES = YES;
				CLANG_WARN_SUSPICIOUS_MOVE = YES;
				CLANG_WARN_UNGUARDED_AVAILABILITY = YES_AGGRESSIVE;
				CLANG_WARN_UNREACHABLE_CODE = YES;
				CLANG_WARN__DUPLICATE_METHOD_MATCH = YES;
				COPY_PHASE_STRIP = NO;
				DEBUG_INFORMATION_FORMAT = dwarf;
				ENABLE_STRICT_OBJC_MSGSEND = YES;
				ENABLE_TESTABILITY = YES;
				GCC_C_LANGUAGE_STANDARD = gnu11;
				GCC_DYNAMIC_NO_PIC = NO;
				GCC_NO_COMMON_BLOCKS = YES;
				GCC_OPTIMIZATION_LEVEL = 0;
				GCC_PREPROCESSOR_DEFINITIONS = (
					"DEBUG=1",
					"$(inherited)",
				);
				GCC_WARN_64_TO_32_BIT_CONVERSION = YES;
				GCC_WARN_ABOUT_RETURN_TYPE = YES_ERROR;
				GCC_WARN_UNDECLARED_SELECTOR = YES;
				GCC_WARN_UNINITIALIZED_AUTOS = YES_AGGRESSIVE;
				GCC_WARN_UNUSED_FUNCTION = YES;
				GCC_WARN_UNUSED_VARIABLE = YES;
				IPHONEOS_DEPLOYMENT_TARGET = 16.0;
				MTL_ENABLE_DEBUG_INFO = INCLUDE_SOURCE;
				MTL_FAST_MATH = YES;
				ONLY_ACTIVE_ARCH = YES;
				SDKROOT = iphoneos;
				SWIFT_ACTIVE_COMPILATION_CONDITIONS = DEBUG;
				SWIFT_OPTIMIZATION_LEVEL = "-Onone";
			};
			name = Debug;
		};
		4D1ABA2B28EC19B200DD9F97 /* Release */ = {
			isa = XCBuildConfiguration;
			buildSettings = {
				ALWAYS_SEARCH_USER_PATHS = NO;
				CLANG_ANALYZER_NONNULL = YES;
				CLANG_ANALYZER_NUMBER_OBJECT_CONVERSION = YES_AGGRESSIVE;
				CLANG_CXX_LANGUAGE_STANDARD = "gnu++20";
				CLANG_ENABLE_MODULES = YES;
				CLANG_ENABLE_OBJC_ARC = YES;
				CLANG_ENABLE_OBJC_WEAK = YES;
				CLANG_WARN_BLOCK_CAPTURE_AUTORELEASING = YES;
				CLANG_WARN_BOOL_CONVERSION = YES;
				CLANG_WARN_COMMA = YES;
				CLANG_WARN_CONSTANT_CONVERSION = YES;
				CLANG_WARN_DEPRECATED_OBJC_IMPLEMENTATIONS = YES;
				CLANG_WARN_DIRECT_OBJC_ISA_USAGE = YES_ERROR;
				CLANG_WARN_DOCUMENTATION_COMMENTS = YES;
				CLANG_WARN_EMPTY_BODY = YES;
				CLANG_WARN_ENUM_CONVERSION = YES;
				CLANG_WARN_INFINITE_RECURSION = YES;
				CLANG_WARN_INT_CONVERSION = YES;
				CLANG_WARN_NON_LITERAL_NULL_CONVERSION = YES;
				CLANG_WARN_OBJC_IMPLICIT_RETAIN_SELF = YES;
				CLANG_WARN_OBJC_LITERAL_CONVERSION = YES;
				CLANG_WARN_OBJC_ROOT_CLASS = YES_ERROR;
				CLANG_WARN_QUOTED_INCLUDE_IN_FRAMEWORK_HEADER = YES;
				CLANG_WARN_RANGE_LOOP_ANALYSIS = YES;
				CLANG_WARN_STRICT_PROTOTYPES = YES;
				CLANG_WARN_SUSPICIOUS_MOVE = YES;
				CLANG_WARN_UNGUARDED_AVAILABILITY = YES_AGGRESSIVE;
				CLANG_WARN_UNREACHABLE_CODE = YES;
				CLANG_WARN__DUPLICATE_METHOD_MATCH = YES;
				COPY_PHASE_STRIP = NO;
				DEBUG_INFORMATION_FORMAT = "dwarf-with-dsym";
				ENABLE_NS_ASSERTIONS = NO;
				ENABLE_STRICT_OBJC_MSGSEND = YES;
				GCC_C_LANGUAGE_STANDARD = gnu11;
				GCC_NO_COMMON_BLOCKS = YES;
				GCC_WARN_64_TO_32_BIT_CONVERSION = YES;
				GCC_WARN_ABOUT_RETURN_TYPE = YES_ERROR;
				GCC_WARN_UNDECLARED_SELECTOR = YES;
				GCC_WARN_UNINITIALIZED_AUTOS = YES_AGGRESSIVE;
				GCC_WARN_UNUSED_FUNCTION = YES;
				GCC_WARN_UNUSED_VARIABLE = YES;
				IPHONEOS_DEPLOYMENT_TARGET = 16.0;
				MTL_ENABLE_DEBUG_INFO = NO;
				MTL_FAST_MATH = YES;
				SDKROOT = iphoneos;
				SWIFT_COMPILATION_MODE = wholemodule;
				SWIFT_OPTIMIZATION_LEVEL = "-O";
				VALIDATE_PRODUCT = YES;
			};
			name = Release;
		};
		4D1ABA2D28EC19B200DD9F97 /* Debug */ = {
			isa = XCBuildConfiguration;
			buildSettings = {
				ASSETCATALOG_COMPILER_APPICON_NAME = AppIcon;
				ASSETCATALOG_COMPILER_GLOBAL_ACCENT_COLOR_NAME = AccentColor;
				CODE_SIGN_STYLE = Automatic;
				CURRENT_PROJECT_VERSION = 1;
				DEVELOPMENT_ASSET_PATHS = "\"Login Page/Preview Content\"";
				ENABLE_PREVIEWS = YES;
				GENERATE_INFOPLIST_FILE = YES;
				INFOPLIST_KEY_UIApplicationSceneManifest_Generation = YES;
				INFOPLIST_KEY_UIApplicationSupportsIndirectInputEvents = YES;
				INFOPLIST_KEY_UILaunchScreen_Generation = YES;
				INFOPLIST_KEY_UISupportedInterfaceOrientations_iPad = "UIInterfaceOrientationPortrait UIInterfaceOrientationPortraitUpsideDown UIInterfaceOrientationLandscapeLeft UIInterfaceOrientationLandscapeRight";
				INFOPLIST_KEY_UISupportedInterfaceOrientations_iPhone = "UIInterfaceOrientationPortrait UIInterfaceOrientationLandscapeLeft UIInterfaceOrientationLandscapeRight";
				LD_RUNPATH_SEARCH_PATHS = (
					"$(inherited)",
					"@executable_path/Frameworks",
				);
				MARKETING_VERSION = 1.0;
				PRODUCT_BUNDLE_IDENTIFIER = "swiftUI.Login-Page";
				PRODUCT_NAME = "$(TARGET_NAME)";
				SWIFT_EMIT_LOC_STRINGS = YES;
				SWIFT_VERSION = 5.0;
				TARGETED_DEVICE_FAMILY = "1,2";
			};
			name = Debug;
		};
		4D1ABA2E28EC19B200DD9F97 /* Release */ = {
			isa = XCBuildConfiguration;
			buildSettings = {
				ASSETCATALOG_COMPILER_APPICON_NAME = AppIcon;
				ASSETCATALOG_COMPILER_GLOBAL_ACCENT_COLOR_NAME = AccentColor;
				CODE_SIGN_STYLE = Automatic;
				CURRENT_PROJECT_VERSION = 1;
				DEVELOPMENT_ASSET_PATHS = "\"Login Page/Preview Content\"";
				ENABLE_PREVIEWS = YES;
				GENERATE_INFOPLIST_FILE = YES;
				INFOPLIST_KEY_UIApplicationSceneManifest_Generation = YES;
				INFOPLIST_KEY_UIApplicationSupportsIndirectInputEvents = YES;
				INFOPLIST_KEY_UILaunchScreen_Generation = YES;
				INFOPLIST_KEY_UISupportedInterfaceOrientations_iPad = "UIInterfaceOrientationPortrait UIInterfaceOrientationPortraitUpsideDown UIInterfaceOrientationLandscapeLeft UIInterfaceOrientationLandscapeRight";
				INFOPLIST_KEY_UISupportedInterfaceOrientations_iPhone = "UIInterfaceOrientationPortrait UIInterfaceOrientationLandscapeLeft UIInterfaceOrientationLandscapeRight";
				LD_RUNPATH_SEARCH_PATHS = (
					"$(inherited)",
					"@executable_path/Frameworks",
				);
				MARKETING_VERSION = 1.0;
				PRODUCT_BUNDLE_IDENTIFIER = "swiftUI.Login-Page";
				PRODUCT_NAME = "$(TARGET_NAME)";
				SWIFT_EMIT_LOC_STRINGS = YES;
				SWIFT_VERSION = 5.0;
				TARGETED_DEVICE_FAMILY = "1,2";
			};
			name = Release;
		};
		4D9E6FB328EDCEB400380279 /* Debug */ = {
			isa = XCBuildConfiguration;
			buildSettings = {
				ASSETCATALOG_COMPILER_APPICON_NAME = AppIcon;
				ASSETCATALOG_COMPILER_GLOBAL_ACCENT_COLOR_NAME = AccentColor;
				CODE_SIGN_ENTITLEMENTS = macLogin/macLogin.entitlements;
				"CODE_SIGN_IDENTITY[sdk=macosx*]" = "-";
				CODE_SIGN_STYLE = Automatic;
				COMBINE_HIDPI_IMAGES = YES;
				CURRENT_PROJECT_VERSION = 1;
				DEVELOPMENT_ASSET_PATHS = "\"macLogin/Preview Content\"";
				ENABLE_PREVIEWS = YES;
				GENERATE_INFOPLIST_FILE = YES;
				INFOPLIST_KEY_NSHumanReadableCopyright = "";
				LD_RUNPATH_SEARCH_PATHS = (
					"$(inherited)",
					"@executable_path/../Frameworks",
				);
				MACOSX_DEPLOYMENT_TARGET = 12.3;
				MARKETING_VERSION = 1.0;
				PRODUCT_BUNDLE_IDENTIFIER = swiftUI.macLogin;
				PRODUCT_NAME = "$(TARGET_NAME)";
				SDKROOT = macosx;
				SUPPORTED_PLATFORMS = "iphoneos iphonesimulator macosx";
				SUPPORTS_MACCATALYST = YES;
				SUPPORTS_MAC_DESIGNED_FOR_IPHONE_IPAD = NO;
				SWIFT_EMIT_LOC_STRINGS = YES;
				SWIFT_VERSION = 5.0;
				TARGETED_DEVICE_FAMILY = 2;
			};
			name = Debug;
		};
		4D9E6FB428EDCEB400380279 /* Release */ = {
			isa = XCBuildConfiguration;
			buildSettings = {
				ASSETCATALOG_COMPILER_APPICON_NAME = AppIcon;
				ASSETCATALOG_COMPILER_GLOBAL_ACCENT_COLOR_NAME = AccentColor;
				CODE_SIGN_ENTITLEMENTS = macLogin/macLogin.entitlements;
				"CODE_SIGN_IDENTITY[sdk=macosx*]" = "-";
				CODE_SIGN_STYLE = Automatic;
				COMBINE_HIDPI_IMAGES = YES;
				CURRENT_PROJECT_VERSION = 1;
				DEVELOPMENT_ASSET_PATHS = "\"macLogin/Preview Content\"";
				ENABLE_PREVIEWS = YES;
				GENERATE_INFOPLIST_FILE = YES;
				INFOPLIST_KEY_NSHumanReadableCopyright = "";
				LD_RUNPATH_SEARCH_PATHS = (
					"$(inherited)",
					"@executable_path/../Frameworks",
				);
				MACOSX_DEPLOYMENT_TARGET = 12.3;
				MARKETING_VERSION = 1.0;
				PRODUCT_BUNDLE_IDENTIFIER = swiftUI.macLogin;
				PRODUCT_NAME = "$(TARGET_NAME)";
				SDKROOT = macosx;
				SUPPORTED_PLATFORMS = "iphoneos iphonesimulator macosx";
				SUPPORTS_MACCATALYST = YES;
				SUPPORTS_MAC_DESIGNED_FOR_IPHONE_IPAD = NO;
				SWIFT_EMIT_LOC_STRINGS = YES;
				SWIFT_VERSION = 5.0;
				TARGETED_DEVICE_FAMILY = 2;
			};
			name = Release;
		};
/* End XCBuildConfiguration section */

/* Begin XCConfigurationList section */
		4D1ABA1928EC19B100DD9F97 /* Build configuration list for PBXProject "Login Page" */ = {
			isa = XCConfigurationList;
			buildConfigurations = (
				4D1ABA2A28EC19B200DD9F97 /* Debug */,
				4D1ABA2B28EC19B200DD9F97 /* Release */,
			);
			defaultConfigurationIsVisible = 0;
			defaultConfigurationName = Release;
		};
		4D1ABA2C28EC19B200DD9F97 /* Build configuration list for PBXNativeTarget "Login Page" */ = {
			isa = XCConfigurationList;
			buildConfigurations = (
				4D1ABA2D28EC19B200DD9F97 /* Debug */,
				4D1ABA2E28EC19B200DD9F97 /* Release */,
			);
			defaultConfigurationIsVisible = 0;
			defaultConfigurationName = Release;
		};
		4D9E6FB528EDCEB400380279 /* Build configuration list for PBXNativeTarget "macLogin" */ = {
			isa = XCConfigurationList;
			buildConfigurations = (
				4D9E6FB328EDCEB400380279 /* Debug */,
				4D9E6FB428EDCEB400380279 /* Release */,
			);
			defaultConfigurationIsVisible = 0;
			defaultConfigurationName = Release;
		};
/* End XCConfigurationList section */
	};
	rootObject = 4D1ABA1628EC19B100DD9F97 /* Project object */;
}
